# THIS IS AN AUTOGENERATED FILE. DO NOT EDIT THIS FILE DIRECTLY.
# yarn lockfile v1


"@faker-js/faker@^9.0.3":
  version "9.0.3"
  resolved "https://registry.yarnpkg.com/@faker-js/faker/-/faker-9.0.3.tgz#be817db896b07d1716bc65d9aad1ba587b499826"
  integrity sha512-lWrrK4QNlFSU+13PL9jMbMKLJYXDFu3tQfayBsMXX7KL/GiQeqfB1CzHkqD5UHBUtPAuPo6XwGbMFNdVMZObRA==

random@^5.1.1:
  version "5.1.1"
  resolved "https://registry.npmjs.org/random/-/random-5.1.1.tgz"
  integrity sha512-iidvORUvXY1ItoYxO0eduHCKl22QV0G6460vRHe862dUagJKPhRyjUGwK8ioOCG4NRuFvExHFpqMngsnr2miwA==
